
Microsoft Visual Studio Solution File, Format Version 12.00
# Visual Studio Version 17
VisualStudioVersion = 17.2.32630.192
MinimumVisualStudioVersion = 10.0.40219.1
Project("{FAE04EC0-301F-11D3-BF4B-00C04F79EFBC}") = "VulnerableApp", "VulnerableApp\VulnerableApp.csproj", "{493598D0-2C46-421C-B815-220CC316F2B0}"
EndProject
Project("{FAE04EC0-301F-11D3-BF4B-00C04F79EFBC}") = "ImprovedApp", "ImprovedApp\ImprovedApp.csproj", "{A760DB5A-0242-4785-9EF5-85DFEF526BD3}"
EndProject
Project("{E53339B2-1760-4266-BCC7-CA923CBCF16C}") = "docker-compose", "docker-compose.dcproj", "{A593713C-72A0-402B-9477-2EF4A9AC580C}"
EndProject
Global
	GlobalSection(SolutionConfigurationPlatforms) = preSolution
		Debug|Any CPU = Debug|Any CPU
		Release|Any CPU = Release|Any CPU
	EndGlobalSection
	GlobalSection(ProjectConfigurationPlatforms) = postSolution
		{493598D0-2C46-421C-B815-220CC316F2B0}.Debug|Any CPU.ActiveCfg = Debug|Any CPU
		{493598D0-2C46-421C-B815-220CC316F2B0}.Debug|Any CPU.Build.0 = Debug|Any CPU
		{493598D0-2C46-421C-B815-220CC316F2B0}.Release|Any CPU.ActiveCfg = Release|Any CPU
		{493598D0-2C46-421C-B815-220CC316F2B0}.Release|Any CPU.Build.0 = Release|Any CPU
		{A760DB5A-0242-4785-9EF5-85DFEF526BD3}.Debug|Any CPU.ActiveCfg = Debug|Any CPU
		{A760DB5A-0242-4785-9EF5-85DFEF526BD3}.Debug|Any CPU.Build.0 = Debug|Any CPU
		{A760DB5A-0242-4785-9EF5-85DFEF526BD3}.Release|Any CPU.ActiveCfg = Release|Any CPU
		{A760DB5A-0242-4785-9EF5-85DFEF526BD3}.Release|Any CPU.Build.0 = Release|Any CPU
		{A593713C-72A0-402B-9477-2EF4A9AC580C}.Debug|Any CPU.ActiveCfg = Debug|Any CPU
		{A593713C-72A0-402B-9477-2EF4A9AC580C}.Debug|Any CPU.Build.0 = Debug|Any CPU
		{A593713C-72A0-402B-9477-2EF4A9AC580C}.Release|Any CPU.ActiveCfg = Release|Any CPU
		{A593713C-72A0-402B-9477-2EF4A9AC580C}.Release|Any CPU.Build.0 = Release|Any CPU
	EndGlobalSection
	GlobalSection(SolutionProperties) = preSolution
		HideSolutionNode = FALSE
	EndGlobalSection
	GlobalSection(ExtensibilityGlobals) = postSolution
		SolutionGuid = {5F2DD723-2489-45E3-AC52-183456FE7CED}
	EndGlobalSection
EndGlobal
